
Microsoft Visual Studio Solution File, Format Version 12.00
# Visual Studio Version 17
VisualStudioVersion = 17.3.32922.545
MinimumVisualStudioVersion = 10.0.40219.1
Project("{FAE04EC0-301F-11D3-BF4B-00C04F79EFBC}") = "TugasArray", "TugasArray\TugasArray.csproj", "{744901DF-AB53-4B87-80FC-D98D57181294}"
EndProject
Global
	GlobalSection(SolutionConfigurationPlatforms) = preSolution
		Debug|Any CPU = Debug|Any CPU
		Release|Any CPU = Release|Any CPU
	EndGlobalSection
	GlobalSection(ProjectConfigurationPlatforms) = postSolution
		{744901DF-AB53-4B87-80FC-D98D57181294}.Debug|Any CPU.ActiveCfg = Debug|Any CPU
		{744901DF-AB53-4B87-80FC-D98D57181294}.Debug|Any CPU.Build.0 = Debug|Any CPU
		{744901DF-AB53-4B87-80FC-D98D57181294}.Release|Any CPU.ActiveCfg = Release|Any CPU
		{744901DF-AB53-4B87-80FC-D98D57181294}.Release|Any CPU.Build.0 = Release|Any CPU
	EndGlobalSection
	GlobalSection(SolutionProperties) = preSolution
		HideSolutionNode = FALSE
	EndGlobalSection
	GlobalSection(ExtensibilityGlobals) = postSolution
		SolutionGuid = {18C80D9C-3A3C-41CF-B6E3-A564EB0A7DF8}
	EndGlobalSection
EndGlobal
